// !$*UTF8*$!
{
	archiveVersion = 1;
	classes = {
	};
	objectVersion = 50;
	objects = {

/* Begin PBXBuildFile section */
		5709D50F281D8171004CF8BD /* AppDelegate.swift in Sources */ = {isa = PBXBuildFile; fileRef = 5709D50E281D8171004CF8BD /* AppDelegate.swift */; };
		5709D511281D8171004CF8BD /* SceneDelegate.swift in Sources */ = {isa = PBXBuildFile; fileRef = 5709D510281D8171004CF8BD /* SceneDelegate.swift */; };
		5709D513281D8171004CF8BD /* ViewController.swift in Sources */ = {isa = PBXBuildFile; fileRef = 5709D512281D8171004CF8BD /* ViewController.swift */; };
		5709D516281D8171004CF8BD /* Main.storyboard in Resources */ = {isa = PBXBuildFile; fileRef = 5709D514281D8171004CF8BD /* Main.storyboard */; };
		5709D518281D817C004CF8BD /* Assets.xcassets in Resources */ = {isa = PBXBuildFile; fileRef = 5709D517281D817C004CF8BD /* Assets.xcassets */; };
		5709D51B281D817C004CF8BD /* LaunchScreen.storyboard in Resources */ = {isa = PBXBuildFile; fileRef = 5709D519281D817C004CF8BD /* LaunchScreen.storyboard */; };
		574DB3B7281EBF95002BE9A5 /* AboutViewController.swift in Sources */ = {isa = PBXBuildFile; fileRef = 574DB3B6281EBF95002BE9A5 /* AboutViewController.swift */; };
		57698FF4281E82DF00F65D4C /* LoginPageVCViewController.swift in Sources */ = {isa = PBXBuildFile; fileRef = 57698FF3281E82DF00F65D4C /* LoginPageVCViewController.swift */; };
		57698FF7281E9C1A00F65D4C /* SignUpViewController.swift in Sources */ = {isa = PBXBuildFile; fileRef = 57698FF6281E9C1A00F65D4C /* SignUpViewController.swift */; };
		579DA3FA281EA9F5006CD564 /* ForgotPasswordViewController.swift in Sources */ = {isa = PBXBuildFile; fileRef = 579DA3F9281EA9F5006CD564 /* ForgotPasswordViewController.swift */; };
		579DA3FD281EAF8A006CD564 /* ResetPasswordViewController.swift in Sources */ = {isa = PBXBuildFile; fileRef = 579DA3FC281EAF8A006CD564 /* ResetPasswordViewController.swift */; };
/* End PBXBuildFile section */

/* Begin PBXFileReference section */
		5709D50B281D8171004CF8BD /* Assignment 3 IT18060690.app */ = {isa = PBXFileReference; explicitFileType = wrapper.application; includeInIndex = 0; path = "Assignment 3 IT18060690.app"; sourceTree = BUILT_PRODUCTS_DIR; };
		5709D50E281D8171004CF8BD /* AppDelegate.swift */ = {isa = PBXFileReference; lastKnownFileType = sourcecode.swift; path = AppDelegate.swift; sourceTree = "<group>"; };
		5709D510281D8171004CF8BD /* SceneDelegate.swift */ = {isa = PBXFileReference; lastKnownFileType = sourcecode.swift; path = SceneDelegate.swift; sourceTree = "<group>"; };
		5709D512281D8171004CF8BD /* ViewController.swift */ = {isa = PBXFileReference; lastKnownFileType = sourcecode.swift; path = ViewController.swift; sourceTree = "<group>"; };
		5709D515281D8171004CF8BD /* Base */ = {isa = PBXFileReference; lastKnownFileType = file.storyboard; name = Base; path = Base.lproj/Main.storyboard; sourceTree = "<group>"; };
		5709D517281D817C004CF8BD /* Assets.xcassets */ = {isa = PBXFileReference; lastKnownFileType = folder.assetcatalog; path = Assets.xcassets; sourceTree = "<group>"; };
		5709D51A281D817C004CF8BD /* Base */ = {isa = PBXFileReference; lastKnownFileType = file.storyboard; name = Base; path = Base.lproj/LaunchScreen.storyboard; sourceTree = "<group>"; };
		5709D51C281D817C004CF8BD /* Info.plist */ = {isa = PBXFileReference; lastKnownFileType = text.plist.xml; path = Info.plist; sourceTree = "<group>"; };
		574DB3B6281EBF95002BE9A5 /* AboutViewController.swift */ = {isa = PBXFileReference; lastKnownFileType = sourcecode.swift; path = AboutViewController.swift; sourceTree = "<group>"; };
		57698FF3281E82DF00F65D4C /* LoginPageVCViewController.swift */ = {isa = PBXFileReference; lastKnownFileType = sourcecode.swift; path = LoginPageVCViewController.swift; sourceTree = "<group>"; };
		57698FF6281E9C1A00F65D4C /* SignUpViewController.swift */ = {isa = PBXFileReference; lastKnownFileType = sourcecode.swift; path = SignUpViewController.swift; sourceTree = "<group>"; };
		579DA3F9281EA9F5006CD564 /* ForgotPasswordViewController.swift */ = {isa = PBXFileReference; lastKnownFileType = sourcecode.swift; path = ForgotPasswordViewController.swift; sourceTree = "<group>"; };
		579DA3FC281EAF8A006CD564 /* ResetPasswordViewController.swift */ = {isa = PBXFileReference; lastKnownFileType = sourcecode.swift; path = ResetPasswordViewController.swift; sourceTree = "<group>"; };
/* End PBXFileReference section */

/* Begin PBXFrameworksBuildPhase section */
		5709D508281D8171004CF8BD /* Frameworks */ = {
			isa = PBXFrameworksBuildPhase;
			buildActionMask = 2147483647;
			files = (
			);
			runOnlyForDeploymentPostprocessing = 0;
		};
/* End PBXFrameworksBuildPhase section */

/* Begin PBXGroup section */
		5709D502281D8171004CF8BD = {
			isa = PBXGroup;
			children = (
				5709D50D281D8171004CF8BD /* Assignment 3 IT18060690 */,
				5709D50C281D8171004CF8BD /* Products */,
			);
			sourceTree = "<group>";
		};
		5709D50C281D8171004CF8BD /* Products */ = {
			isa = PBXGroup;
			children = (
				5709D50B281D8171004CF8BD /* Assignment 3 IT18060690.app */,
			);
			name = Products;
			sourceTree = "<group>";
		};
		5709D50D281D8171004CF8BD /* Assignment 3 IT18060690 */ = {
			isa = PBXGroup;
			children = (
				5709D50E281D8171004CF8BD /* AppDelegate.swift */,
				5709D510281D8171004CF8BD /* SceneDelegate.swift */,
				5709D512281D8171004CF8BD /* ViewController.swift */,
				5709D514281D8171004CF8BD /* Main.storyboard */,
				5709D517281D817C004CF8BD /* Assets.xcassets */,
				5709D519281D817C004CF8BD /* LaunchScreen.storyboard */,
				5709D51C281D817C004CF8BD /* Info.plist */,
				57698FF3281E82DF00F65D4C /* LoginPageVCViewController.swift */,
				57698FF6281E9C1A00F65D4C /* SignUpViewController.swift */,
				579DA3F9281EA9F5006CD564 /* ForgotPasswordViewController.swift */,
				579DA3FC281EAF8A006CD564 /* ResetPasswordViewController.swift */,
				574DB3B6281EBF95002BE9A5 /* AboutViewController.swift */,
			);
			path = "Assignment 3 IT18060690";
			sourceTree = "<group>";
		};
/* End PBXGroup section */

/* Begin PBXNativeTarget section */
		5709D50A281D8171004CF8BD /* Assignment 3 IT18060690 */ = {
			isa = PBXNativeTarget;
			buildConfigurationList = 5709D51F281D817C004CF8BD /* Build configuration list for PBXNativeTarget "Assignment 3 IT18060690" */;
			buildPhases = (
				5709D507281D8171004CF8BD /* Sources */,
				5709D508281D8171004CF8BD /* Frameworks */,
				5709D509281D8171004CF8BD /* Resources */,
			);
			buildRules = (
			);
			dependencies = (
			);
			name = "Assignment 3 IT18060690";
			productName = "Assignment 3 IT18060690";
			productReference = 5709D50B281D8171004CF8BD /* Assignment 3 IT18060690.app */;
			productType = "com.apple.product-type.application";
		};
/* End PBXNativeTarget section */

/* Begin PBXProject section */
		5709D503281D8171004CF8BD /* Project object */ = {
			isa = PBXProject;
			attributes = {
				LastSwiftUpdateCheck = 1240;
				LastUpgradeCheck = 1240;
				TargetAttributes = {
					5709D50A281D8171004CF8BD = {
						CreatedOnToolsVersion = 12.4;
					};
				};
			};
			buildConfigurationList = 5709D506281D8171004CF8BD /* Build configuration list for PBXProject "Assignment 3 IT18060690" */;
			compatibilityVersion = "Xcode 9.3";
			developmentRegion = en;
			hasScannedForEncodings = 0;
			knownRegions = (
				en,
				Base,
			);
			mainGroup = 5709D502281D8171004CF8BD;
			productRefGroup = 5709D50C281D8171004CF8BD /* Products */;
			projectDirPath = "";
			projectRoot = "";
			targets = (
				5709D50A281D8171004CF8BD /* Assignment 3 IT18060690 */,
			);
		};
/* End PBXProject section */

/* Begin PBXResourcesBuildPhase section */
		5709D509281D8171004CF8BD /* Resources */ = {
			isa = PBXResourcesBuildPhase;
			buildActionMask = 2147483647;
			files = (
				5709D51B281D817C004CF8BD /* LaunchScreen.storyboard in Resources */,
				5709D518281D817C004CF8BD /* Assets.xcassets in Resources */,
				5709D516281D8171004CF8BD /* Main.storyboard in Resources */,
			);
			runOnlyForDeploymentPostprocessing = 0;
		};
/* End PBXResourcesBuildPhase section */

/* Begin PBXSourcesBuildPhase section */
		5709D507281D8171004CF8BD /* Sources */ = {
			isa = PBXSourcesBuildPhase;
			buildActionMask = 2147483647;
			files = (
				57698FF4281E82DF00F65D4C /* LoginPageVCViewController.swift in Sources */,
				5709D513281D8171004CF8BD /* ViewController.swift in Sources */,
				579DA3FA281EA9F5006CD564 /* ForgotPasswordViewController.swift in Sources */,
				5709D50F281D8171004CF8BD /* AppDelegate.swift in Sources */,
				5709D511281D8171004CF8BD /* SceneDelegate.swift in Sources */,
				57698FF7281E9C1A00F65D4C /* SignUpViewController.swift in Sources */,
				574DB3B7281EBF95002BE9A5 /* AboutViewController.swift in Sources */,
				579DA3FD281EAF8A006CD564 /* ResetPasswordViewController.swift in Sources */,
			);
			runOnlyForDeploymentPostprocessing = 0;
		};
/* End PBXSourcesBuildPhase section */

/* Begin PBXVariantGroup section */
		5709D514281D8171004CF8BD /* Main.storyboard */ = {
			isa = PBXVariantGroup;
			children = (
				5709D515281D8171004CF8BD /* Base */,
			);
			name = Main.storyboard;
			sourceTree = "<group>";
		};
		5709D519281D817C004CF8BD /* LaunchScreen.storyboard */ = {
			isa = PBXVariantGroup;
			children = (
				5709D51A281D817C004CF8BD /* Base */,
			);
			name = LaunchScreen.storyboard;
			sourceTree = "<group>";
		};
/* End PBXVariantGroup section */

/* Begin XCBuildConfiguration section */
		5709D51D281D817C004CF8BD /* Debug */ = {
			isa = XCBuildConfiguration;
			buildSettings = {
				ALWAYS_SEARCH_USER_PATHS = NO;
				CLANG_ANALYZER_NONNULL = YES;
				CLANG_ANALYZER_NUMBER_OBJECT_CONVERSION = YES_AGGRESSIVE;
				CLANG_CXX_LANGUAGE_STANDARD = "gnu++14";
				CLANG_CXX_LIBRARY = "libc++";
				CLANG_ENABLE_MODULES = YES;
				CLANG_ENABLE_OBJC_ARC = YES;
				CLANG_ENABLE_OBJC_WEAK = YES;
				CLANG_WARN_BLOCK_CAPTURE_AUTORELEASING = YES;
				CLANG_WARN_BOOL_CONVERSION = YES;
				CLANG_WARN_COMMA = YES;
				CLANG_WARN_CONSTANT_CONVERSION = YES;
				CLANG_WARN_DEPRECATED_OBJC_IMPLEMENTATIONS = YES;
				CLANG_WARN_DIRECT_OBJC_ISA_USAGE = YES_ERROR;
				CLANG_WARN_DOCUMENTATION_COMMENTS = YES;
				CLANG_WARN_EMPTY_BODY = YES;
				CLANG_WARN_ENUM_CONVERSION = YES;
				CLANG_WARN_INFINITE_RECURSION = YES;
				CLANG_WARN_INT_CONVERSION = YES;
				CLANG_WARN_NON_LITERAL_NULL_CONVERSION = YES;
				CLANG_WARN_OBJC_IMPLICIT_RETAIN_SELF = YES;
				CLANG_WARN_OBJC_LITERAL_CONVERSION = YES;
				CLANG_WARN_OBJC_ROOT_CLASS = YES_ERROR;
				CLANG_WARN_QUOTED_INCLUDE_IN_FRAMEWORK_HEADER = YES;
				CLANG_WARN_RANGE_LOOP_ANALYSIS = YES;
				CLANG_WARN_STRICT_PROTOTYPES = YES;
				CLANG_WARN_SUSPICIOUS_MOVE = YES;
				CLANG_WARN_UNGUARDED_AVAILABILITY = YES_AGGRESSIVE;
				CLANG_WARN_UNREACHABLE_CODE = YES;
				CLANG_WARN__DUPLICATE_METHOD_MATCH = YES;
				COPY_PHASE_STRIP = NO;
				DEBUG_INFORMATION_FORMAT = dwarf;
				ENABLE_STRICT_OBJC_MSGSEND = YES;
				ENABLE_TESTABILITY = YES;
				GCC_C_LANGUAGE_STANDARD = gnu11;
				GCC_DYNAMIC_NO_PIC = NO;
				GCC_NO_COMMON_BLOCKS = YES;
				GCC_OPTIMIZATION_LEVEL = 0;
				GCC_PREPROCESSOR_DEFINITIONS = (
					"DEBUG=1",
					"$(inherited)",
				);
				GCC_WARN_64_TO_32_BIT_CONVERSION = YES;
				GCC_WARN_ABOUT_RETURN_TYPE = YES_ERROR;
				GCC_WARN_UNDECLARED_SELECTOR = YES;
				GCC_WARN_UNINITIALIZED_AUTOS = YES_AGGRESSIVE;
				GCC_WARN_UNUSED_FUNCTION = YES;
				GCC_WARN_UNUSED_VARIABLE = YES;
				IPHONEOS_DEPLOYMENT_TARGET = 14.4;
				MTL_ENABLE_DEBUG_INFO = INCLUDE_SOURCE;
				MTL_FAST_MATH = YES;
				ONLY_ACTIVE_ARCH = YES;
				SDKROOT = iphoneos;
				SWIFT_ACTIVE_COMPILATION_CONDITIONS = DEBUG;
				SWIFT_OPTIMIZATION_LEVEL = "-Onone";
			};
			name = Debug;
		};
		5709D51E281D817C004CF8BD /* Release */ = {
			isa = XCBuildConfiguration;
			buildSettings = {
				ALWAYS_SEARCH_USER_PATHS = NO;
				CLANG_ANALYZER_NONNULL = YES;
				CLANG_ANALYZER_NUMBER_OBJECT_CONVERSION = YES_AGGRESSIVE;
				CLANG_CXX_LANGUAGE_STANDARD = "gnu++14";
				CLANG_CXX_LIBRARY = "libc++";
				CLANG_ENABLE_MODULES = YES;
				CLANG_ENABLE_OBJC_ARC = YES;
				CLANG_ENABLE_OBJC_WEAK = YES;
				CLANG_WARN_BLOCK_CAPTURE_AUTORELEASING = YES;
				CLANG_WARN_BOOL_CONVERSION = YES;
				CLANG_WARN_COMMA = YES;
				CLANG_WARN_CONSTANT_CONVERSION = YES;
				CLANG_WARN_DEPRECATED_OBJC_IMPLEMENTATIONS = YES;
				CLANG_WARN_DIRECT_OBJC_ISA_USAGE = YES_ERROR;
				CLANG_WARN_DOCUMENTATION_COMMENTS = YES;
				CLANG_WARN_EMPTY_BODY = YES;
				CLANG_WARN_ENUM_CONVERSION = YES;
				CLANG_WARN_INFINITE_RECURSION = YES;
				CLANG_WARN_INT_CONVERSION = YES;
				CLANG_WARN_NON_LITERAL_NULL_CONVERSION = YES;
				CLANG_WARN_OBJC_IMPLICIT_RETAIN_SELF = YES;
				CLANG_WARN_OBJC_LITERAL_CONVERSION = YES;
				CLANG_WARN_OBJC_ROOT_CLASS = YES_ERROR;
				CLANG_WARN_QUOTED_INCLUDE_IN_FRAMEWORK_HEADER = YES;
				CLANG_WARN_RANGE_LOOP_ANALYSIS = YES;
				CLANG_WARN_STRICT_PROTOTYPES = YES;
				CLANG_WARN_SUSPICIOUS_MOVE = YES;
				CLANG_WARN_UNGUARDED_AVAILABILITY = YES_AGGRESSIVE;
				CLANG_WARN_UNREACHABLE_CODE = YES;
				CLANG_WARN__DUPLICATE_METHOD_MATCH = YES;
				COPY_PHASE_STRIP = NO;
				DEBUG_INFORMATION_FORMAT = "dwarf-with-dsym";
				ENABLE_NS_ASSERTIONS = NO;
				ENABLE_STRICT_OBJC_MSGSEND = YES;
				GCC_C_LANGUAGE_STANDARD = gnu11;
				GCC_NO_COMMON_BLOCKS = YES;
				GCC_WARN_64_TO_32_BIT_CONVERSION = YES;
				GCC_WARN_ABOUT_RETURN_TYPE = YES_ERROR;
				GCC_WARN_UNDECLARED_SELECTOR = YES;
				GCC_WARN_UNINITIALIZED_AUTOS = YES_AGGRESSIVE;
				GCC_WARN_UNUSED_FUNCTION = YES;
				GCC_WARN_UNUSED_VARIABLE = YES;
				IPHONEOS_DEPLOYMENT_TARGET = 14.4;
				MTL_ENABLE_DEBUG_INFO = NO;
				MTL_FAST_MATH = YES;
				SDKROOT = iphoneos;
				SWIFT_COMPILATION_MODE = wholemodule;
				SWIFT_OPTIMIZATION_LEVEL = "-O";
				VALIDATE_PRODUCT = YES;
			};
			name = Release;
		};
		5709D520281D817C004CF8BD /* Debug */ = {
			isa = XCBuildConfiguration;
			buildSettings = {
				ASSETCATALOG_COMPILER_APPICON_NAME = AppIcon;
				ASSETCATALOG_COMPILER_GLOBAL_ACCENT_COLOR_NAME = AccentColor;
				CODE_SIGN_STYLE = Automatic;
				INFOPLIST_FILE = "Assignment 3 IT18060690/Info.plist";
				LD_RUNPATH_SEARCH_PATHS = (
					"$(inherited)",
					"@executable_path/Frameworks",
				);
				PRODUCT_BUNDLE_IDENTIFIER = "sliit.testios.Assignment-3-IT18060690";
				PRODUCT_NAME = "$(TARGET_NAME)";
				SWIFT_VERSION = 5.0;
				TARGETED_DEVICE_FAMILY = "1,2";
			};
			name = Debug;
		};
		5709D521281D817C004CF8BD /* Release */ = {
			isa = XCBuildConfiguration;
			buildSettings = {
				ASSETCATALOG_COMPILER_APPICON_NAME = AppIcon;
				ASSETCATALOG_COMPILER_GLOBAL_ACCENT_COLOR_NAME = AccentColor;
				CODE_SIGN_STYLE = Automatic;
				INFOPLIST_FILE = "Assignment 3 IT18060690/Info.plist";
				LD_RUNPATH_SEARCH_PATHS = (
					"$(inherited)",
					"@executable_path/Frameworks",
				);
				PRODUCT_BUNDLE_IDENTIFIER = "sliit.testios.Assignment-3-IT18060690";
				PRODUCT_NAME = "$(TARGET_NAME)";
				SWIFT_VERSION = 5.0;
				TARGETED_DEVICE_FAMILY = "1,2";
			};
			name = Release;
		};
/* End XCBuildConfiguration section */

/* Begin XCConfigurationList section */
		5709D506281D8171004CF8BD /* Build configuration list for PBXProject "Assignment 3 IT18060690" */ = {
			isa = XCConfigurationList;
			buildConfigurations = (
				5709D51D281D817C004CF8BD /* Debug */,
				5709D51E281D817C004CF8BD /* Release */,
			);
			defaultConfigurationIsVisible = 0;
			defaultConfigurationName = Release;
		};
		5709D51F281D817C004CF8BD /* Build configuration list for PBXNativeTarget "Assignment 3 IT18060690" */ = {
			isa = XCConfigurationList;
			buildConfigurations = (
				5709D520281D817C004CF8BD /* Debug */,
				5709D521281D817C004CF8BD /* Release */,
			);
			defaultConfigurationIsVisible = 0;
			defaultConfigurationName = Release;
		};
/* End XCConfigurationList section */
	};
	rootObject = 5709D503281D8171004CF8BD /* Project object */;
}
